
Microsoft Visual Studio Solution File, Format Version 12.00
# Visual Studio Version 16
VisualStudioVersion = 16.0.29001.49
MinimumVisualStudioVersion = 10.0.40219.1
Project("{FAE04EC0-301F-11D3-BF4B-00C04F79EFBC}") = "LibPob", "LibPob\LibPob.csproj", "{154E2F54-F2C9-4537-9BCF-00CB873FBF87}"
EndProject
Project("{FAE04EC0-301F-11D3-BF4B-00C04F79EFBC}") = "Playground", "Playground\Playground.csproj", "{9EAECBCE-CE12-4AB5-84C5-C087CD7F3F80}"
EndProject
Global
	GlobalSection(SolutionConfigurationPlatforms) = preSolution
		Debug|Any CPU = Debug|Any CPU
		Release|Any CPU = Release|Any CPU
	EndGlobalSection
	GlobalSection(ProjectConfigurationPlatforms) = postSolution
		{154E2F54-F2C9-4537-9BCF-00CB873FBF87}.Debug|Any CPU.ActiveCfg = Debug|Any CPU
		{154E2F54-F2C9-4537-9BCF-00CB873FBF87}.Debug|Any CPU.Build.0 = Debug|Any CPU
		{154E2F54-F2C9-4537-9BCF-00CB873FBF87}.Release|Any CPU.ActiveCfg = Release|Any CPU
		{154E2F54-F2C9-4537-9BCF-00CB873FBF87}.Release|Any CPU.Build.0 = Release|Any CPU
		{9EAECBCE-CE12-4AB5-84C5-C087CD7F3F80}.Debug|Any CPU.ActiveCfg = Debug|Any CPU
		{9EAECBCE-CE12-4AB5-84C5-C087CD7F3F80}.Debug|Any CPU.Build.0 = Debug|Any CPU
		{9EAECBCE-CE12-4AB5-84C5-C087CD7F3F80}.Release|Any CPU.ActiveCfg = Release|Any CPU
		{9EAECBCE-CE12-4AB5-84C5-C087CD7F3F80}.Release|Any CPU.Build.0 = Release|Any CPU
	EndGlobalSection
	GlobalSection(SolutionProperties) = preSolution
		HideSolutionNode = FALSE
	EndGlobalSection
	GlobalSection(ExtensibilityGlobals) = postSolution
		SolutionGuid = {0B32D2ED-8732-462B-80B4-3B9568A9357A}
	EndGlobalSection
EndGlobal
